
Microsoft Visual Studio Solution File, Format Version 12.00
# Visual Studio 2012
Project("{FAE04EC0-301F-11D3-BF4B-00C04F79EFBC}") = "SharpRepository.RavenDbRepository", "SharpRepository.RavenDbRepository\SharpRepository.RavenDbRepository.csproj", "{0D7303B9-3A89-4932-B0F0-73B0C1C0FAED}"
EndProject
Project("{FAE04EC0-301F-11D3-BF4B-00C04F79EFBC}") = "SharpRepository.Repository", "SharpRepository.Repository\SharpRepository.Repository.csproj", "{710DEE79-25CE-4F68-B8B1-D08A135AD154}"
EndProject
Project("{FAE04EC0-301F-11D3-BF4B-00C04F79EFBC}") = "SharpRepository.XmlRepository", "SharpRepository.XmlRepository\SharpRepository.XmlRepository.csproj", "{CA482895-A2F4-4C69-9D39-8AD1CFB1B877}"
EndProject
Project("{FAE04EC0-301F-11D3-BF4B-00C04F79EFBC}") = "SharpRepository.Tests", "SharpRepository.Tests\SharpRepository.Tests.csproj", "{208B5ECD-8CF5-4B63-BC3E-131D45F23374}"
EndProject
Project("{FAE04EC0-301F-11D3-BF4B-00C04F79EFBC}") = "SharpRepository.Tests.Integration", "SharpRepository.Tests.Integration\SharpRepository.Tests.Integration.csproj", "{72E04281-9654-41BE-952D-A18ED24E3ACB}"
EndProject
Project("{FAE04EC0-301F-11D3-BF4B-00C04F79EFBC}") = "SharpRepository.Samples", "SharpRepository.Samples\SharpRepository.Samples.csproj", "{85E4FB46-FFB2-47DC-83B5-4ECBD80B66D8}"
EndProject
Project("{2150E333-8FDC-42A3-9474-1A3956D46DE8}") = "Tests Integration", "Tests Integration", "{307222D2-CC06-4017-9554-E0ED81BA7304}"
EndProject
Project("{2150E333-8FDC-42A3-9474-1A3956D46DE8}") = "Tests Unit", "Tests Unit", "{2D1FDDD5-70D2-4896-BEE7-5FE60946A686}"
EndProject
Project("{2150E333-8FDC-42A3-9474-1A3956D46DE8}") = "Samples", "Samples", "{9DEAA991-4B0E-4C9C-85AE-6FF398D34401}"
EndProject
Project("{2150E333-8FDC-42A3-9474-1A3956D46DE8}") = "Solution Items", "Solution Items", "{E6212FD3-A742-4D07-A4BD-EF536CAE4EE6}"
	ProjectSection(SolutionItems) = preProject
		CommonAssembly.cs = CommonAssembly.cs
		license.txt = license.txt
		README.md = README.md
	EndProjectSection
EndProject
Project("{FAE04EC0-301F-11D3-BF4B-00C04F79EFBC}") = "SharpRepository.InMemoryRepository", "SharpRepository.InMemoryRepository\SharpRepository.InMemoryRepository.csproj", "{13AD3FCA-4C9D-4674-B786-F30843638D3B}"
EndProject
Project("{FAE04EC0-301F-11D3-BF4B-00C04F79EFBC}") = "SharpRepository.Db4oRepository", "SharpRepository.Db4oRepository\SharpRepository.Db4oRepository.csproj", "{12DD3830-5A12-484C-98B4-D30811DEC8A9}"
EndProject
Project("{FAE04EC0-301F-11D3-BF4B-00C04F79EFBC}") = "SharpRepository.MongoDbRepository", "SharpRepository.MongoDbRepository\SharpRepository.MongoDbRepository.csproj", "{DC40FEBE-2E39-4CB8-AE11-DFE9F6865BD2}"
EndProject
Project("{FAE04EC0-301F-11D3-BF4B-00C04F79EFBC}") = "SharpRepository.Caching.Memcached", "SharpRepository.Caching.Memcached\SharpRepository.Caching.Memcached.csproj", "{06111314-669B-4E35-A0B9-AF67FA3F0FFD}"
EndProject
Project("{FAE04EC0-301F-11D3-BF4B-00C04F79EFBC}") = "SharpRepository.Caching.AppFabric", "SharpRepository.Caching.AppFabric\SharpRepository.Caching.AppFabric.csproj", "{3583AEBE-F1B5-44D9-A0D2-4F6FA1F459CA}"
EndProject
Project("{FAE04EC0-301F-11D3-BF4B-00C04F79EFBC}") = "SharpRepository.Caching.Redis", "SharpRepository.Caching.Redis\SharpRepository.Caching.Redis.csproj", "{1174F5B3-D3BE-453D-BD9F-D54EEFB0ADFE}"
EndProject
Project("{FAE04EC0-301F-11D3-BF4B-00C04F79EFBC}") = "SharpRepository.Caching.WindowsAzure", "SharpRepository.Caching.WindowsAzure\SharpRepository.Caching.WindowsAzure.csproj", "{F025C038-9F9A-4730-9A03-3E3E6101E249}"
EndProject
Project("{2150E333-8FDC-42A3-9474-1A3956D46DE8}") = "Caching Providers", "Caching Providers", "{FB7E3040-CA92-4B81-86E6-106E2FDD745E}"
EndProject
Project("{2150E333-8FDC-42A3-9474-1A3956D46DE8}") = "Ioc", "Ioc", "{7D84196E-1183-46E8-944F-C43B0627B931}"
EndProject
Project("{FAE04EC0-301F-11D3-BF4B-00C04F79EFBC}") = "SharpRepository.Ioc.StructureMap", "SharpRepository.Ioc.StructureMap\SharpRepository.Ioc.StructureMap.csproj", "{0B4BDC6D-6030-48FD-B22A-F9A9A7A00812}"
EndProject
Project("{2150E333-8FDC-42A3-9474-1A3956D46DE8}") = "Benchmarks", "Benchmarks", "{9E5BA6B3-50AA-4482-A526-F35F132304B2}"
EndProject
Project("{FAE04EC0-301F-11D3-BF4B-00C04F79EFBC}") = "SharpRepository.Benchmarks.Configuration", "SharpRepository.Benchmarks.Configuration\SharpRepository.Benchmarks.Configuration.csproj", "{4C4F3977-7327-4BBF-90ED-0C61172A48D4}"
EndProject
Project("{FAE04EC0-301F-11D3-BF4B-00C04F79EFBC}") = "SharpRepository.CacheRepository", "SharpRepository.CacheRepository\SharpRepository.CacheRepository.csproj", "{42E07863-9017-4B56-9D20-1EA35AF1F501}"
EndProject
Project("{FAE04EC0-301F-11D3-BF4B-00C04F79EFBC}") = "SharpRepository.Ioc.Ninject", "SharpRepository.Ioc.Ninject\SharpRepository.Ioc.Ninject.csproj", "{549F87CC-3B00-4B45-94C9-517422556F8A}"
EndProject
Project("{FAE04EC0-301F-11D3-BF4B-00C04F79EFBC}") = "SharpRepository.Ioc.Windsor", "SharpRepository.Ioc.Windsor\SharpRepository.Ioc.Windsor.csproj", "{792FCCD7-8509-4477-9672-10C178D690F1}"
EndProject
Project("{FAE04EC0-301F-11D3-BF4B-00C04F79EFBC}") = "SharpRepository.Ioc.Autofac", "SharpRepository.Ioc.Autofac\SharpRepository.Ioc.Autofac.csproj", "{14E6AF4A-B613-418F-B046-D84074963C0F}"
EndProject
Project("{FAE04EC0-301F-11D3-BF4B-00C04F79EFBC}") = "SharpRepository.Ioc.Unity", "SharpRepository.Ioc.Unity\SharpRepository.Ioc.Unity.csproj", "{D0218585-6696-4E3D-832F-E596E2903337}"
EndProject
Project("{FAE04EC0-301F-11D3-BF4B-00C04F79EFBC}") = "SharpRepository.CouchDbRepository", "SharpRepository.CouchDbRepository\SharpRepository.CouchDbRepository.csproj", "{AEA6D95F-1D69-433D-8185-DFFCA871FC8D}"
EndProject
Project("{2150E333-8FDC-42A3-9474-1A3956D46DE8}") = "Logging", "Logging", "{F3F32398-DBE1-47CB-8A43-97F4362D6672}"
EndProject
Project("{FAE04EC0-301F-11D3-BF4B-00C04F79EFBC}") = "SharpRepository.Logging", "SharpRepository.Logging\SharpRepository.Logging.csproj", "{5301085F-DBCC-4786-B6F7-7DC83D93FBA6}"
EndProject
Project("{FAE04EC0-301F-11D3-BF4B-00C04F79EFBC}") = "SharpRepository.Ioc.Mvc", "SharpRepository.Ioc.Mvc\SharpRepository.Ioc.Mvc.csproj", "{1AA81ACD-74D6-4619-AC34-B3ED8B2035A8}"
EndProject
Project("{FAE04EC0-301F-11D3-BF4B-00C04F79EFBC}") = "SharpRepository.Ioc.WebApi", "SharpRepository.Ioc.WebApi\SharpRepository.Ioc.WebApi.csproj", "{3FB341F4-2DC0-4605-B49A-4F0C48DB84B5}"
EndProject
Project("{FAE04EC0-301F-11D3-BF4B-00C04F79EFBC}") = "SharpRepository.EfRepository", "SharpRepository.EfRepository\SharpRepository.EfRepository.csproj", "{E52B3B50-143D-4F85-9E42-7434644EF07F}"
EndProject
Project("{FAE04EC0-301F-11D3-BF4B-00C04F79EFBC}") = "SharpRepository.AzureTableRepository", "SharpRepository.AzureTableRepository\SharpRepository.AzureTableRepository.csproj", "{EF055B6D-6D7D-4002-91A9-4DED61346457}"
EndProject
Project("{FAE04EC0-301F-11D3-BF4B-00C04F79EFBC}") = "SharpRepository.AzureBlobRepository", "SharpRepository.AzureBlobRepository\SharpRepository.AzureBlobRepository.csproj", "{F766CC4F-B69C-444C-A89F-01E2E8B172A8}"
Project("{FAE04EC0-301F-11D3-BF4B-00C04F79EFBC}") = "SharpRepository.Ioc.SimpleInjector", "SharpRepository.Ioc.SimpleInjector\SharpRepository.Ioc.SimpleInjector.csproj", "{772C205D-D4DC-4581-9B77-C672D54F2558}"
EndProject
Global
	GlobalSection(SolutionConfigurationPlatforms) = preSolution
		Debug|Any CPU = Debug|Any CPU
		Release|Any CPU = Release|Any CPU
	EndGlobalSection
	GlobalSection(ProjectConfigurationPlatforms) = postSolution
		{0D7303B9-3A89-4932-B0F0-73B0C1C0FAED}.Debug|Any CPU.ActiveCfg = Debug|Any CPU
		{0D7303B9-3A89-4932-B0F0-73B0C1C0FAED}.Debug|Any CPU.Build.0 = Debug|Any CPU
		{0D7303B9-3A89-4932-B0F0-73B0C1C0FAED}.Release|Any CPU.ActiveCfg = Release|Any CPU
		{0D7303B9-3A89-4932-B0F0-73B0C1C0FAED}.Release|Any CPU.Build.0 = Release|Any CPU
		{710DEE79-25CE-4F68-B8B1-D08A135AD154}.Debug|Any CPU.ActiveCfg = Debug|Any CPU
		{710DEE79-25CE-4F68-B8B1-D08A135AD154}.Debug|Any CPU.Build.0 = Debug|Any CPU
		{710DEE79-25CE-4F68-B8B1-D08A135AD154}.Release|Any CPU.ActiveCfg = Release|Any CPU
		{710DEE79-25CE-4F68-B8B1-D08A135AD154}.Release|Any CPU.Build.0 = Release|Any CPU
		{CA482895-A2F4-4C69-9D39-8AD1CFB1B877}.Debug|Any CPU.ActiveCfg = Debug|Any CPU
		{CA482895-A2F4-4C69-9D39-8AD1CFB1B877}.Debug|Any CPU.Build.0 = Debug|Any CPU
		{CA482895-A2F4-4C69-9D39-8AD1CFB1B877}.Release|Any CPU.ActiveCfg = Release|Any CPU
		{CA482895-A2F4-4C69-9D39-8AD1CFB1B877}.Release|Any CPU.Build.0 = Release|Any CPU
		{208B5ECD-8CF5-4B63-BC3E-131D45F23374}.Debug|Any CPU.ActiveCfg = Debug|Any CPU
		{208B5ECD-8CF5-4B63-BC3E-131D45F23374}.Debug|Any CPU.Build.0 = Debug|Any CPU
		{208B5ECD-8CF5-4B63-BC3E-131D45F23374}.Release|Any CPU.ActiveCfg = Release|Any CPU
		{208B5ECD-8CF5-4B63-BC3E-131D45F23374}.Release|Any CPU.Build.0 = Release|Any CPU
		{72E04281-9654-41BE-952D-A18ED24E3ACB}.Debug|Any CPU.ActiveCfg = Debug|Any CPU
		{72E04281-9654-41BE-952D-A18ED24E3ACB}.Debug|Any CPU.Build.0 = Debug|Any CPU
		{72E04281-9654-41BE-952D-A18ED24E3ACB}.Release|Any CPU.ActiveCfg = Release|Any CPU
		{72E04281-9654-41BE-952D-A18ED24E3ACB}.Release|Any CPU.Build.0 = Release|Any CPU
		{85E4FB46-FFB2-47DC-83B5-4ECBD80B66D8}.Debug|Any CPU.ActiveCfg = Debug|Any CPU
		{85E4FB46-FFB2-47DC-83B5-4ECBD80B66D8}.Debug|Any CPU.Build.0 = Debug|Any CPU
		{85E4FB46-FFB2-47DC-83B5-4ECBD80B66D8}.Release|Any CPU.ActiveCfg = Release|Any CPU
		{85E4FB46-FFB2-47DC-83B5-4ECBD80B66D8}.Release|Any CPU.Build.0 = Release|Any CPU
		{13AD3FCA-4C9D-4674-B786-F30843638D3B}.Debug|Any CPU.ActiveCfg = Debug|Any CPU
		{13AD3FCA-4C9D-4674-B786-F30843638D3B}.Debug|Any CPU.Build.0 = Debug|Any CPU
		{13AD3FCA-4C9D-4674-B786-F30843638D3B}.Release|Any CPU.ActiveCfg = Release|Any CPU
		{13AD3FCA-4C9D-4674-B786-F30843638D3B}.Release|Any CPU.Build.0 = Release|Any CPU
		{12DD3830-5A12-484C-98B4-D30811DEC8A9}.Debug|Any CPU.ActiveCfg = Debug|Any CPU
		{12DD3830-5A12-484C-98B4-D30811DEC8A9}.Debug|Any CPU.Build.0 = Debug|Any CPU
		{12DD3830-5A12-484C-98B4-D30811DEC8A9}.Release|Any CPU.ActiveCfg = Release|Any CPU
		{12DD3830-5A12-484C-98B4-D30811DEC8A9}.Release|Any CPU.Build.0 = Release|Any CPU
		{DC40FEBE-2E39-4CB8-AE11-DFE9F6865BD2}.Debug|Any CPU.ActiveCfg = Debug|Any CPU
		{DC40FEBE-2E39-4CB8-AE11-DFE9F6865BD2}.Debug|Any CPU.Build.0 = Debug|Any CPU
		{DC40FEBE-2E39-4CB8-AE11-DFE9F6865BD2}.Release|Any CPU.ActiveCfg = Release|Any CPU
		{DC40FEBE-2E39-4CB8-AE11-DFE9F6865BD2}.Release|Any CPU.Build.0 = Release|Any CPU
		{06111314-669B-4E35-A0B9-AF67FA3F0FFD}.Debug|Any CPU.ActiveCfg = Debug|Any CPU
		{06111314-669B-4E35-A0B9-AF67FA3F0FFD}.Debug|Any CPU.Build.0 = Debug|Any CPU
		{06111314-669B-4E35-A0B9-AF67FA3F0FFD}.Release|Any CPU.ActiveCfg = Release|Any CPU
		{06111314-669B-4E35-A0B9-AF67FA3F0FFD}.Release|Any CPU.Build.0 = Release|Any CPU
		{3583AEBE-F1B5-44D9-A0D2-4F6FA1F459CA}.Debug|Any CPU.ActiveCfg = Debug|Any CPU
		{3583AEBE-F1B5-44D9-A0D2-4F6FA1F459CA}.Debug|Any CPU.Build.0 = Debug|Any CPU
		{3583AEBE-F1B5-44D9-A0D2-4F6FA1F459CA}.Release|Any CPU.ActiveCfg = Release|Any CPU
		{3583AEBE-F1B5-44D9-A0D2-4F6FA1F459CA}.Release|Any CPU.Build.0 = Release|Any CPU
		{1174F5B3-D3BE-453D-BD9F-D54EEFB0ADFE}.Debug|Any CPU.ActiveCfg = Debug|Any CPU
		{1174F5B3-D3BE-453D-BD9F-D54EEFB0ADFE}.Debug|Any CPU.Build.0 = Debug|Any CPU
		{1174F5B3-D3BE-453D-BD9F-D54EEFB0ADFE}.Release|Any CPU.ActiveCfg = Release|Any CPU
		{1174F5B3-D3BE-453D-BD9F-D54EEFB0ADFE}.Release|Any CPU.Build.0 = Release|Any CPU
		{F025C038-9F9A-4730-9A03-3E3E6101E249}.Debug|Any CPU.ActiveCfg = Debug|Any CPU
		{F025C038-9F9A-4730-9A03-3E3E6101E249}.Debug|Any CPU.Build.0 = Debug|Any CPU
		{F025C038-9F9A-4730-9A03-3E3E6101E249}.Release|Any CPU.ActiveCfg = Release|Any CPU
		{F025C038-9F9A-4730-9A03-3E3E6101E249}.Release|Any CPU.Build.0 = Release|Any CPU
		{0B4BDC6D-6030-48FD-B22A-F9A9A7A00812}.Debug|Any CPU.ActiveCfg = Debug|Any CPU
		{0B4BDC6D-6030-48FD-B22A-F9A9A7A00812}.Debug|Any CPU.Build.0 = Debug|Any CPU
		{0B4BDC6D-6030-48FD-B22A-F9A9A7A00812}.Release|Any CPU.ActiveCfg = Release|Any CPU
		{0B4BDC6D-6030-48FD-B22A-F9A9A7A00812}.Release|Any CPU.Build.0 = Release|Any CPU
		{4C4F3977-7327-4BBF-90ED-0C61172A48D4}.Debug|Any CPU.ActiveCfg = Debug|Any CPU
		{4C4F3977-7327-4BBF-90ED-0C61172A48D4}.Debug|Any CPU.Build.0 = Debug|Any CPU
		{4C4F3977-7327-4BBF-90ED-0C61172A48D4}.Release|Any CPU.ActiveCfg = Release|Any CPU
		{4C4F3977-7327-4BBF-90ED-0C61172A48D4}.Release|Any CPU.Build.0 = Release|Any CPU
		{42E07863-9017-4B56-9D20-1EA35AF1F501}.Debug|Any CPU.ActiveCfg = Debug|Any CPU
		{42E07863-9017-4B56-9D20-1EA35AF1F501}.Debug|Any CPU.Build.0 = Debug|Any CPU
		{42E07863-9017-4B56-9D20-1EA35AF1F501}.Release|Any CPU.ActiveCfg = Release|Any CPU
		{42E07863-9017-4B56-9D20-1EA35AF1F501}.Release|Any CPU.Build.0 = Release|Any CPU
		{549F87CC-3B00-4B45-94C9-517422556F8A}.Debug|Any CPU.ActiveCfg = Debug|Any CPU
		{549F87CC-3B00-4B45-94C9-517422556F8A}.Debug|Any CPU.Build.0 = Debug|Any CPU
		{549F87CC-3B00-4B45-94C9-517422556F8A}.Release|Any CPU.ActiveCfg = Release|Any CPU
		{549F87CC-3B00-4B45-94C9-517422556F8A}.Release|Any CPU.Build.0 = Release|Any CPU
		{792FCCD7-8509-4477-9672-10C178D690F1}.Debug|Any CPU.ActiveCfg = Debug|Any CPU
		{792FCCD7-8509-4477-9672-10C178D690F1}.Debug|Any CPU.Build.0 = Debug|Any CPU
		{792FCCD7-8509-4477-9672-10C178D690F1}.Release|Any CPU.ActiveCfg = Release|Any CPU
		{792FCCD7-8509-4477-9672-10C178D690F1}.Release|Any CPU.Build.0 = Release|Any CPU
		{14E6AF4A-B613-418F-B046-D84074963C0F}.Debug|Any CPU.ActiveCfg = Debug|Any CPU
		{14E6AF4A-B613-418F-B046-D84074963C0F}.Debug|Any CPU.Build.0 = Debug|Any CPU
		{14E6AF4A-B613-418F-B046-D84074963C0F}.Release|Any CPU.ActiveCfg = Release|Any CPU
		{14E6AF4A-B613-418F-B046-D84074963C0F}.Release|Any CPU.Build.0 = Release|Any CPU
		{D0218585-6696-4E3D-832F-E596E2903337}.Debug|Any CPU.ActiveCfg = Debug|Any CPU
		{D0218585-6696-4E3D-832F-E596E2903337}.Debug|Any CPU.Build.0 = Debug|Any CPU
		{D0218585-6696-4E3D-832F-E596E2903337}.Release|Any CPU.ActiveCfg = Release|Any CPU
		{D0218585-6696-4E3D-832F-E596E2903337}.Release|Any CPU.Build.0 = Release|Any CPU
		{AEA6D95F-1D69-433D-8185-DFFCA871FC8D}.Debug|Any CPU.ActiveCfg = Debug|Any CPU
		{AEA6D95F-1D69-433D-8185-DFFCA871FC8D}.Debug|Any CPU.Build.0 = Debug|Any CPU
		{AEA6D95F-1D69-433D-8185-DFFCA871FC8D}.Release|Any CPU.ActiveCfg = Release|Any CPU
		{AEA6D95F-1D69-433D-8185-DFFCA871FC8D}.Release|Any CPU.Build.0 = Release|Any CPU
		{5301085F-DBCC-4786-B6F7-7DC83D93FBA6}.Debug|Any CPU.ActiveCfg = Debug|Any CPU
		{5301085F-DBCC-4786-B6F7-7DC83D93FBA6}.Debug|Any CPU.Build.0 = Debug|Any CPU
		{5301085F-DBCC-4786-B6F7-7DC83D93FBA6}.Release|Any CPU.ActiveCfg = Release|Any CPU
		{5301085F-DBCC-4786-B6F7-7DC83D93FBA6}.Release|Any CPU.Build.0 = Release|Any CPU
		{1AA81ACD-74D6-4619-AC34-B3ED8B2035A8}.Debug|Any CPU.ActiveCfg = Debug|Any CPU
		{1AA81ACD-74D6-4619-AC34-B3ED8B2035A8}.Debug|Any CPU.Build.0 = Debug|Any CPU
		{1AA81ACD-74D6-4619-AC34-B3ED8B2035A8}.Release|Any CPU.ActiveCfg = Release|Any CPU
		{1AA81ACD-74D6-4619-AC34-B3ED8B2035A8}.Release|Any CPU.Build.0 = Release|Any CPU
		{3FB341F4-2DC0-4605-B49A-4F0C48DB84B5}.Debug|Any CPU.ActiveCfg = Debug|Any CPU
		{3FB341F4-2DC0-4605-B49A-4F0C48DB84B5}.Debug|Any CPU.Build.0 = Debug|Any CPU
		{3FB341F4-2DC0-4605-B49A-4F0C48DB84B5}.Release|Any CPU.ActiveCfg = Release|Any CPU
		{3FB341F4-2DC0-4605-B49A-4F0C48DB84B5}.Release|Any CPU.Build.0 = Release|Any CPU
		{E52B3B50-143D-4F85-9E42-7434644EF07F}.Debug|Any CPU.ActiveCfg = Debug|Any CPU
		{E52B3B50-143D-4F85-9E42-7434644EF07F}.Debug|Any CPU.Build.0 = Debug|Any CPU
		{E52B3B50-143D-4F85-9E42-7434644EF07F}.Release|Any CPU.ActiveCfg = Release|Any CPU
		{E52B3B50-143D-4F85-9E42-7434644EF07F}.Release|Any CPU.Build.0 = Release|Any CPU
		{EF055B6D-6D7D-4002-91A9-4DED61346457}.Debug|Any CPU.ActiveCfg = Debug|Any CPU
		{EF055B6D-6D7D-4002-91A9-4DED61346457}.Debug|Any CPU.Build.0 = Debug|Any CPU
		{EF055B6D-6D7D-4002-91A9-4DED61346457}.Release|Any CPU.ActiveCfg = Release|Any CPU
		{EF055B6D-6D7D-4002-91A9-4DED61346457}.Release|Any CPU.Build.0 = Release|Any CPU
		{F766CC4F-B69C-444C-A89F-01E2E8B172A8}.Debug|Any CPU.ActiveCfg = Debug|Any CPU
		{F766CC4F-B69C-444C-A89F-01E2E8B172A8}.Debug|Any CPU.Build.0 = Debug|Any CPU
		{F766CC4F-B69C-444C-A89F-01E2E8B172A8}.Release|Any CPU.ActiveCfg = Release|Any CPU
		{F766CC4F-B69C-444C-A89F-01E2E8B172A8}.Release|Any CPU.Build.0 = Release|Any CPU
		{772C205D-D4DC-4581-9B77-C672D54F2558}.Debug|Any CPU.ActiveCfg = Debug|Any CPU
		{772C205D-D4DC-4581-9B77-C672D54F2558}.Debug|Any CPU.Build.0 = Debug|Any CPU
		{772C205D-D4DC-4581-9B77-C672D54F2558}.Release|Any CPU.ActiveCfg = Release|Any CPU
		{772C205D-D4DC-4581-9B77-C672D54F2558}.Release|Any CPU.Build.0 = Release|Any CPU
	EndGlobalSection
	GlobalSection(SolutionProperties) = preSolution
		HideSolutionNode = FALSE
	EndGlobalSection
	GlobalSection(NestedProjects) = preSolution
		{208B5ECD-8CF5-4B63-BC3E-131D45F23374} = {2D1FDDD5-70D2-4896-BEE7-5FE60946A686}
		{72E04281-9654-41BE-952D-A18ED24E3ACB} = {307222D2-CC06-4017-9554-E0ED81BA7304}
		{85E4FB46-FFB2-47DC-83B5-4ECBD80B66D8} = {9DEAA991-4B0E-4C9C-85AE-6FF398D34401}
		{3583AEBE-F1B5-44D9-A0D2-4F6FA1F459CA} = {FB7E3040-CA92-4B81-86E6-106E2FDD745E}
		{1174F5B3-D3BE-453D-BD9F-D54EEFB0ADFE} = {FB7E3040-CA92-4B81-86E6-106E2FDD745E}
		{F025C038-9F9A-4730-9A03-3E3E6101E249} = {FB7E3040-CA92-4B81-86E6-106E2FDD745E}
		{06111314-669B-4E35-A0B9-AF67FA3F0FFD} = {FB7E3040-CA92-4B81-86E6-106E2FDD745E}
		{0B4BDC6D-6030-48FD-B22A-F9A9A7A00812} = {7D84196E-1183-46E8-944F-C43B0627B931}
		{549F87CC-3B00-4B45-94C9-517422556F8A} = {7D84196E-1183-46E8-944F-C43B0627B931}
		{792FCCD7-8509-4477-9672-10C178D690F1} = {7D84196E-1183-46E8-944F-C43B0627B931}
		{14E6AF4A-B613-418F-B046-D84074963C0F} = {7D84196E-1183-46E8-944F-C43B0627B931}
		{D0218585-6696-4E3D-832F-E596E2903337} = {7D84196E-1183-46E8-944F-C43B0627B931}
		{1AA81ACD-74D6-4619-AC34-B3ED8B2035A8} = {7D84196E-1183-46E8-944F-C43B0627B931}
		{3FB341F4-2DC0-4605-B49A-4F0C48DB84B5} = {7D84196E-1183-46E8-944F-C43B0627B931}
		{772C205D-D4DC-4581-9B77-C672D54F2558} = {7D84196E-1183-46E8-944F-C43B0627B931}
		{4C4F3977-7327-4BBF-90ED-0C61172A48D4} = {9E5BA6B3-50AA-4482-A526-F35F132304B2}
		{5301085F-DBCC-4786-B6F7-7DC83D93FBA6} = {F3F32398-DBE1-47CB-8A43-97F4362D6672}
	EndGlobalSection
	GlobalSection(ExtensibilityGlobals) = postSolution
		EnterpriseLibraryConfigurationToolBinariesPath = packages\Unity.2.1.505.2\lib\NET35
	EndGlobalSection
EndGlobal
